// !$*UTF8*$!
{
	archiveVersion = 1;
	classes = {
	};
	objectVersion = 77;
	objects = {

/* Begin PBXBuildFile section */
		CEAF2D512E758FFF0053C5BA /* LaunchScreen.storyboard in Resources */ = {isa = PBXBuildFile; fileRef = CEAF2D4F2E758FFF0053C5BA /* LaunchScreen.storyboard */; };
		CEAF2D782E75958D0053C5BA /* Assets.xcassets in Resources */ = {isa = PBXBuildFile; fileRef = CEAF2D762E75958D0053C5BA /* Assets.xcassets */; };
		CEAF2D7B2E75958F0053C5BA /* HomeViewController.swift in Sources */ = {isa = PBXBuildFile; fileRef = CEAF2D792E75958F0053C5BA /* HomeViewController.swift */; };
		CEAF2D7F2E7595910053C5BA /* AppDelegate.swift in Sources */ = {isa = PBXBuildFile; fileRef = CEAF2D7C2E7595910053C5BA /* AppDelegate.swift */; };
		CEAF2D802E7595910053C5BA /* SceneDelegate.swift in Sources */ = {isa = PBXBuildFile; fileRef = CEAF2D7D2E7595910053C5BA /* SceneDelegate.swift */; };
		CEAF2D892E759A780053C5BA /* BaseViewController.swift in Sources */ = {isa = PBXBuildFile; fileRef = CEAF2D882E759A780053C5BA /* BaseViewController.swift */; };
		CEAF2D8B2E759AB00053C5BA /* BaseViewModel.swift in Sources */ = {isa = PBXBuildFile; fileRef = CEAF2D8A2E759AB00053C5BA /* BaseViewModel.swift */; };
/* End PBXBuildFile section */

/* Begin PBXFileReference section */
		CEAF2D412E758FFE0053C5BA /* Blu-Bank.app */ = {isa = PBXFileReference; explicitFileType = wrapper.application; includeInIndex = 0; path = "Blu-Bank.app"; sourceTree = BUILT_PRODUCTS_DIR; };
		CEAF2D502E758FFF0053C5BA /* Base */ = {isa = PBXFileReference; lastKnownFileType = file.storyboard; name = Base; path = Base.lproj/LaunchScreen.storyboard; sourceTree = "<group>"; };
		CEAF2D732E7595680053C5BA /* Info.plist */ = {isa = PBXFileReference; lastKnownFileType = text.plist.xml; path = Info.plist; sourceTree = "<group>"; };
		CEAF2D762E75958D0053C5BA /* Assets.xcassets */ = {isa = PBXFileReference; lastKnownFileType = folder.assetcatalog; path = Assets.xcassets; sourceTree = "<group>"; };
		CEAF2D792E75958F0053C5BA /* HomeViewController.swift */ = {isa = PBXFileReference; lastKnownFileType = sourcecode.swift; path = HomeViewController.swift; sourceTree = "<group>"; };
		CEAF2D7C2E7595910053C5BA /* AppDelegate.swift */ = {isa = PBXFileReference; lastKnownFileType = sourcecode.swift; path = AppDelegate.swift; sourceTree = "<group>"; };
		CEAF2D7D2E7595910053C5BA /* SceneDelegate.swift */ = {isa = PBXFileReference; lastKnownFileType = sourcecode.swift; path = SceneDelegate.swift; sourceTree = "<group>"; };
		CEAF2D882E759A780053C5BA /* BaseViewController.swift */ = {isa = PBXFileReference; lastKnownFileType = sourcecode.swift; path = BaseViewController.swift; sourceTree = "<group>"; };
		CEAF2D8A2E759AB00053C5BA /* BaseViewModel.swift */ = {isa = PBXFileReference; lastKnownFileType = sourcecode.swift; path = BaseViewModel.swift; sourceTree = "<group>"; };
/* End PBXFileReference section */

/* Begin PBXFrameworksBuildPhase section */
		CEAF2D3E2E758FFE0053C5BA /* Frameworks */ = {
			isa = PBXFrameworksBuildPhase;
			buildActionMask = 2147483647;
			files = (
			);
			runOnlyForDeploymentPostprocessing = 0;
		};
/* End PBXFrameworksBuildPhase section */

/* Begin PBXGroup section */
		CEAF2D382E758FFE0053C5BA = {
			isa = PBXGroup;
			children = (
				CEAF2D742E7595680053C5BA /* Blu-Bank */,
				CEAF2D422E758FFE0053C5BA /* Products */,
			);
			sourceTree = "<group>";
		};
		CEAF2D422E758FFE0053C5BA /* Products */ = {
			isa = PBXGroup;
			children = (
				CEAF2D412E758FFE0053C5BA /* Blu-Bank.app */,
			);
			name = Products;
			sourceTree = "<group>";
		};
		CEAF2D742E7595680053C5BA /* Blu-Bank */ = {
			isa = PBXGroup;
			children = (
				CEAF2D7E2E7595910053C5BA /* Application */,
				CEAF2D772E75958D0053C5BA /* Resource */,
				CEAF2D852E7599DF0053C5BA /* Network */,
				CEAF2D7A2E75958F0053C5BA /* Controller */,
			);
			path = "Blu-Bank";
			sourceTree = "<group>";
		};
		CEAF2D772E75958D0053C5BA /* Resource */ = {
			isa = PBXGroup;
			children = (
				CEAF2D762E75958D0053C5BA /* Assets.xcassets */,
			);
			path = Resource;
			sourceTree = "<group>";
		};
		CEAF2D7A2E75958F0053C5BA /* Controller */ = {
			isa = PBXGroup;
			children = (
				CEAF2D872E759A410053C5BA /* Base */,
				CEAF2D862E759A290053C5BA /* UI */,
			);
			path = Controller;
			sourceTree = "<group>";
		};
		CEAF2D7E2E7595910053C5BA /* Application */ = {
			isa = PBXGroup;
			children = (
				CEAF2D732E7595680053C5BA /* Info.plist */,
				CEAF2D7C2E7595910053C5BA /* AppDelegate.swift */,
				CEAF2D7D2E7595910053C5BA /* SceneDelegate.swift */,
			);
			path = Application;
			sourceTree = "<group>";
		};
		CEAF2D822E7596810053C5BA /* Home */ = {
			isa = PBXGroup;
			children = (
				CEAF2D792E75958F0053C5BA /* HomeViewController.swift */,
			);
			path = Home;
			sourceTree = "<group>";
		};
		CEAF2D832E7596DF0053C5BA /* Luanch */ = {
			isa = PBXGroup;
			children = (
				CEAF2D4F2E758FFF0053C5BA /* LaunchScreen.storyboard */,
			);
			path = Luanch;
			sourceTree = "<group>";
		};
		CEAF2D852E7599DF0053C5BA /* Network */ = {
			isa = PBXGroup;
			children = (
			);
			path = Network;
			sourceTree = "<group>";
		};
		CEAF2D862E759A290053C5BA /* UI */ = {
			isa = PBXGroup;
			children = (
				CEAF2D832E7596DF0053C5BA /* Luanch */,
				CEAF2D822E7596810053C5BA /* Home */,
			);
			path = UI;
			sourceTree = "<group>";
		};
		CEAF2D872E759A410053C5BA /* Base */ = {
			isa = PBXGroup;
			children = (
				CEAF2D882E759A780053C5BA /* BaseViewController.swift */,
				CEAF2D8A2E759AB00053C5BA /* BaseViewModel.swift */,
			);
			path = Base;
			sourceTree = "<group>";
		};
/* End PBXGroup section */

/* Begin PBXNativeTarget section */
		CEAF2D402E758FFE0053C5BA /* Blu-Bank */ = {
			isa = PBXNativeTarget;
			buildConfigurationList = CEAF2D542E758FFF0053C5BA /* Build configuration list for PBXNativeTarget "Blu-Bank" */;
			buildPhases = (
				CEAF2D3D2E758FFE0053C5BA /* Sources */,
				CEAF2D3E2E758FFE0053C5BA /* Frameworks */,
				CEAF2D3F2E758FFE0053C5BA /* Resources */,
			);
			buildRules = (
			);
			dependencies = (
			);
			name = "Blu-Bank";
			packageProductDependencies = (
			);
			productName = "Blu-Bank";
			productReference = CEAF2D412E758FFE0053C5BA /* Blu-Bank.app */;
			productType = "com.apple.product-type.application";
		};
/* End PBXNativeTarget section */

/* Begin PBXProject section */
		CEAF2D392E758FFE0053C5BA /* Project object */ = {
			isa = PBXProject;
			attributes = {
				BuildIndependentTargetsInParallel = 1;
				LastSwiftUpdateCheck = 1640;
				LastUpgradeCheck = 1640;
				TargetAttributes = {
					CEAF2D402E758FFE0053C5BA = {
						CreatedOnToolsVersion = 16.4;
					};
				};
			};
			buildConfigurationList = CEAF2D3C2E758FFE0053C5BA /* Build configuration list for PBXProject "Blu-Bank" */;
			developmentRegion = en;
			hasScannedForEncodings = 0;
			knownRegions = (
				en,
				Base,
			);
			mainGroup = CEAF2D382E758FFE0053C5BA;
			minimizedProjectReferenceProxies = 1;
			preferredProjectObjectVersion = 77;
			productRefGroup = CEAF2D422E758FFE0053C5BA /* Products */;
			projectDirPath = "";
			projectRoot = "";
			targets = (
				CEAF2D402E758FFE0053C5BA /* Blu-Bank */,
			);
		};
/* End PBXProject section */

/* Begin PBXResourcesBuildPhase section */
		CEAF2D3F2E758FFE0053C5BA /* Resources */ = {
			isa = PBXResourcesBuildPhase;
			buildActionMask = 2147483647;
			files = (
				CEAF2D782E75958D0053C5BA /* Assets.xcassets in Resources */,
				CEAF2D512E758FFF0053C5BA /* LaunchScreen.storyboard in Resources */,
			);
			runOnlyForDeploymentPostprocessing = 0;
		};
/* End PBXResourcesBuildPhase section */

/* Begin PBXSourcesBuildPhase section */
		CEAF2D3D2E758FFE0053C5BA /* Sources */ = {
			isa = PBXSourcesBuildPhase;
			buildActionMask = 2147483647;
			files = (
				CEAF2D7B2E75958F0053C5BA /* HomeViewController.swift in Sources */,
				CEAF2D8B2E759AB00053C5BA /* BaseViewModel.swift in Sources */,
				CEAF2D892E759A780053C5BA /* BaseViewController.swift in Sources */,
				CEAF2D7F2E7595910053C5BA /* AppDelegate.swift in Sources */,
				CEAF2D802E7595910053C5BA /* SceneDelegate.swift in Sources */,
			);
			runOnlyForDeploymentPostprocessing = 0;
		};
/* End PBXSourcesBuildPhase section */

/* Begin PBXVariantGroup section */
		CEAF2D4F2E758FFF0053C5BA /* LaunchScreen.storyboard */ = {
			isa = PBXVariantGroup;
			children = (
				CEAF2D502E758FFF0053C5BA /* Base */,
			);
			name = LaunchScreen.storyboard;
			sourceTree = "<group>";
		};
/* End PBXVariantGroup section */

/* Begin XCBuildConfiguration section */
		CEAF2D552E758FFF0053C5BA /* Debug */ = {
			isa = XCBuildConfiguration;
			buildSettings = {
				ASSETCATALOG_COMPILER_APPICON_NAME = AppIcon;
				ASSETCATALOG_COMPILER_GLOBAL_ACCENT_COLOR_NAME = AccentColor;
				CODE_SIGN_STYLE = Automatic;
				CURRENT_PROJECT_VERSION = 1;
				DEVELOPMENT_TEAM = B48Q8RY5GC;
				GENERATE_INFOPLIST_FILE = YES;
				INFOPLIST_FILE = "$(PROJECT_DIR)/Blu-Bank/Application/Info.plist";
				INFOPLIST_KEY_UIApplicationSupportsIndirectInputEvents = YES;
				INFOPLIST_KEY_UILaunchStoryboardName = LaunchScreen;
				INFOPLIST_KEY_UIMainStoryboardFile = "";
				INFOPLIST_KEY_UISupportedInterfaceOrientations_iPad = "UIInterfaceOrientationPortrait UIInterfaceOrientationPortraitUpsideDown UIInterfaceOrientationLandscapeLeft UIInterfaceOrientationLandscapeRight";
				INFOPLIST_KEY_UISupportedInterfaceOrientations_iPhone = "UIInterfaceOrientationPortrait UIInterfaceOrientationLandscapeLeft UIInterfaceOrientationLandscapeRight";
				LD_RUNPATH_SEARCH_PATHS = (
					"$(inherited)",
					"@executable_path/Frameworks",
				);
				MARKETING_VERSION = 1.0;
				PRODUCT_BUNDLE_IDENTIFIER = "com.BluBank.hrzjanati.Blu-Bank";
				PRODUCT_NAME = "$(TARGET_NAME)";
				SWIFT_EMIT_LOC_STRINGS = YES;
				SWIFT_VERSION = 5.0;
				TARGETED_DEVICE_FAMILY = "1,2";
			};
			name = Debug;
		};
		CEAF2D562E758FFF0053C5BA /* Release */ = {
			isa = XCBuildConfiguration;
			buildSettings = {
				ASSETCATALOG_COMPILER_APPICON_NAME = AppIcon;
				ASSETCATALOG_COMPILER_GLOBAL_ACCENT_COLOR_NAME = AccentColor;
				CODE_SIGN_STYLE = Automatic;
				CURRENT_PROJECT_VERSION = 1;
				DEVELOPMENT_TEAM = B48Q8RY5GC;
				GENERATE_INFOPLIST_FILE = YES;
				INFOPLIST_FILE = "$(PROJECT_DIR)/Blu-Bank/Application/Info.plist";
				INFOPLIST_KEY_UIApplicationSupportsIndirectInputEvents = YES;
				INFOPLIST_KEY_UILaunchStoryboardName = LaunchScreen;
				INFOPLIST_KEY_UISupportedInterfaceOrientations_iPad = "UIInterfaceOrientationPortrait UIInterfaceOrientationPortraitUpsideDown UIInterfaceOrientationLandscapeLeft UIInterfaceOrientationLandscapeRight";
				INFOPLIST_KEY_UISupportedInterfaceOrientations_iPhone = "UIInterfaceOrientationPortrait UIInterfaceOrientationLandscapeLeft UIInterfaceOrientationLandscapeRight";
				LD_RUNPATH_SEARCH_PATHS = (
					"$(inherited)",
					"@executable_path/Frameworks",
				);
				MARKETING_VERSION = 1.0;
				PRODUCT_BUNDLE_IDENTIFIER = "com.BluBank.hrzjanati.Blu-Bank";
				PRODUCT_NAME = "$(TARGET_NAME)";
				SWIFT_EMIT_LOC_STRINGS = YES;
				SWIFT_VERSION = 5.0;
				TARGETED_DEVICE_FAMILY = "1,2";
			};
			name = Release;
		};
		CEAF2D572E758FFF0053C5BA /* Debug */ = {
			isa = XCBuildConfiguration;
			buildSettings = {
				ALWAYS_SEARCH_USER_PATHS = NO;
				ASSETCATALOG_COMPILER_GENERATE_SWIFT_ASSET_SYMBOL_EXTENSIONS = YES;
				CLANG_ANALYZER_NONNULL = YES;
				CLANG_ANALYZER_NUMBER_OBJECT_CONVERSION = YES_AGGRESSIVE;
				CLANG_CXX_LANGUAGE_STANDARD = "gnu++20";
				CLANG_ENABLE_MODULES = YES;
				CLANG_ENABLE_OBJC_ARC = YES;
				CLANG_ENABLE_OBJC_WEAK = YES;
				CLANG_WARN_BLOCK_CAPTURE_AUTORELEASING = YES;
				CLANG_WARN_BOOL_CONVERSION = YES;
				CLANG_WARN_COMMA = YES;
				CLANG_WARN_CONSTANT_CONVERSION = YES;
				CLANG_WARN_DEPRECATED_OBJC_IMPLEMENTATIONS = YES;
				CLANG_WARN_DIRECT_OBJC_ISA_USAGE = YES_ERROR;
				CLANG_WARN_DOCUMENTATION_COMMENTS = YES;
				CLANG_WARN_EMPTY_BODY = YES;
				CLANG_WARN_ENUM_CONVERSION = YES;
				CLANG_WARN_INFINITE_RECURSION = YES;
				CLANG_WARN_INT_CONVERSION = YES;
				CLANG_WARN_NON_LITERAL_NULL_CONVERSION = YES;
				CLANG_WARN_OBJC_IMPLICIT_RETAIN_SELF = YES;
				CLANG_WARN_OBJC_LITERAL_CONVERSION = YES;
				CLANG_WARN_OBJC_ROOT_CLASS = YES_ERROR;
				CLANG_WARN_QUOTED_INCLUDE_IN_FRAMEWORK_HEADER = YES;
				CLANG_WARN_RANGE_LOOP_ANALYSIS = YES;
				CLANG_WARN_STRICT_PROTOTYPES = YES;
				CLANG_WARN_SUSPICIOUS_MOVE = YES;
				CLANG_WARN_UNGUARDED_AVAILABILITY = YES_AGGRESSIVE;
				CLANG_WARN_UNREACHABLE_CODE = YES;
				CLANG_WARN__DUPLICATE_METHOD_MATCH = YES;
				COPY_PHASE_STRIP = NO;
				DEBUG_INFORMATION_FORMAT = dwarf;
				DEVELOPMENT_TEAM = B48Q8RY5GC;
				ENABLE_STRICT_OBJC_MSGSEND = YES;
				ENABLE_TESTABILITY = YES;
				ENABLE_USER_SCRIPT_SANDBOXING = YES;
				GCC_C_LANGUAGE_STANDARD = gnu17;
				GCC_DYNAMIC_NO_PIC = NO;
				GCC_NO_COMMON_BLOCKS = YES;
				GCC_OPTIMIZATION_LEVEL = 0;
				GCC_PREPROCESSOR_DEFINITIONS = (
					"DEBUG=1",
					"$(inherited)",
				);
				GCC_WARN_64_TO_32_BIT_CONVERSION = YES;
				GCC_WARN_ABOUT_RETURN_TYPE = YES_ERROR;
				GCC_WARN_UNDECLARED_SELECTOR = YES;
				GCC_WARN_UNINITIALIZED_AUTOS = YES_AGGRESSIVE;
				GCC_WARN_UNUSED_FUNCTION = YES;
				GCC_WARN_UNUSED_VARIABLE = YES;
				IPHONEOS_DEPLOYMENT_TARGET = 18.5;
				LOCALIZATION_PREFERS_STRING_CATALOGS = YES;
				MTL_ENABLE_DEBUG_INFO = INCLUDE_SOURCE;
				MTL_FAST_MATH = YES;
				ONLY_ACTIVE_ARCH = YES;
				SDKROOT = iphoneos;
				SWIFT_ACTIVE_COMPILATION_CONDITIONS = "DEBUG $(inherited)";
				SWIFT_OPTIMIZATION_LEVEL = "-Onone";
			};
			name = Debug;
		};
		CEAF2D582E758FFF0053C5BA /* Release */ = {
			isa = XCBuildConfiguration;
			buildSettings = {
				ALWAYS_SEARCH_USER_PATHS = NO;
				ASSETCATALOG_COMPILER_GENERATE_SWIFT_ASSET_SYMBOL_EXTENSIONS = YES;
				CLANG_ANALYZER_NONNULL = YES;
				CLANG_ANALYZER_NUMBER_OBJECT_CONVERSION = YES_AGGRESSIVE;
				CLANG_CXX_LANGUAGE_STANDARD = "gnu++20";
				CLANG_ENABLE_MODULES = YES;
				CLANG_ENABLE_OBJC_ARC = YES;
				CLANG_ENABLE_OBJC_WEAK = YES;
				CLANG_WARN_BLOCK_CAPTURE_AUTORELEASING = YES;
				CLANG_WARN_BOOL_CONVERSION = YES;
				CLANG_WARN_COMMA = YES;
				CLANG_WARN_CONSTANT_CONVERSION = YES;
				CLANG_WARN_DEPRECATED_OBJC_IMPLEMENTATIONS = YES;
				CLANG_WARN_DIRECT_OBJC_ISA_USAGE = YES_ERROR;
				CLANG_WARN_DOCUMENTATION_COMMENTS = YES;
				CLANG_WARN_EMPTY_BODY = YES;
				CLANG_WARN_ENUM_CONVERSION = YES;
				CLANG_WARN_INFINITE_RECURSION = YES;
				CLANG_WARN_INT_CONVERSION = YES;
				CLANG_WARN_NON_LITERAL_NULL_CONVERSION = YES;
				CLANG_WARN_OBJC_IMPLICIT_RETAIN_SELF = YES;
				CLANG_WARN_OBJC_LITERAL_CONVERSION = YES;
				CLANG_WARN_OBJC_ROOT_CLASS = YES_ERROR;
				CLANG_WARN_QUOTED_INCLUDE_IN_FRAMEWORK_HEADER = YES;
				CLANG_WARN_RANGE_LOOP_ANALYSIS = YES;
				CLANG_WARN_STRICT_PROTOTYPES = YES;
				CLANG_WARN_SUSPICIOUS_MOVE = YES;
				CLANG_WARN_UNGUARDED_AVAILABILITY = YES_AGGRESSIVE;
				CLANG_WARN_UNREACHABLE_CODE = YES;
				CLANG_WARN__DUPLICATE_METHOD_MATCH = YES;
				COPY_PHASE_STRIP = NO;
				DEBUG_INFORMATION_FORMAT = "dwarf-with-dsym";
				DEVELOPMENT_TEAM = B48Q8RY5GC;
				ENABLE_NS_ASSERTIONS = NO;
				ENABLE_STRICT_OBJC_MSGSEND = YES;
				ENABLE_USER_SCRIPT_SANDBOXING = YES;
				GCC_C_LANGUAGE_STANDARD = gnu17;
				GCC_NO_COMMON_BLOCKS = YES;
				GCC_WARN_64_TO_32_BIT_CONVERSION = YES;
				GCC_WARN_ABOUT_RETURN_TYPE = YES_ERROR;
				GCC_WARN_UNDECLARED_SELECTOR = YES;
				GCC_WARN_UNINITIALIZED_AUTOS = YES_AGGRESSIVE;
				GCC_WARN_UNUSED_FUNCTION = YES;
				GCC_WARN_UNUSED_VARIABLE = YES;
				IPHONEOS_DEPLOYMENT_TARGET = 18.5;
				LOCALIZATION_PREFERS_STRING_CATALOGS = YES;
				MTL_ENABLE_DEBUG_INFO = NO;
				MTL_FAST_MATH = YES;
				SDKROOT = iphoneos;
				SWIFT_COMPILATION_MODE = wholemodule;
				VALIDATE_PRODUCT = YES;
			};
			name = Release;
		};
/* End XCBuildConfiguration section */

/* Begin XCConfigurationList section */
		CEAF2D3C2E758FFE0053C5BA /* Build configuration list for PBXProject "Blu-Bank" */ = {
			isa = XCConfigurationList;
			buildConfigurations = (
				CEAF2D572E758FFF0053C5BA /* Debug */,
				CEAF2D582E758FFF0053C5BA /* Release */,
			);
			defaultConfigurationIsVisible = 0;
			defaultConfigurationName = Release;
		};
		CEAF2D542E758FFF0053C5BA /* Build configuration list for PBXNativeTarget "Blu-Bank" */ = {
			isa = XCConfigurationList;
			buildConfigurations = (
				CEAF2D552E758FFF0053C5BA /* Debug */,
				CEAF2D562E758FFF0053C5BA /* Release */,
			);
			defaultConfigurationIsVisible = 0;
			defaultConfigurationName = Release;
		};
/* End XCConfigurationList section */
	};
	rootObject = CEAF2D392E758FFE0053C5BA /* Project object */;
}
